PODS:
  - Alamofire (4.9.0)
  - CoreModule (0.0.1):
    - CoreModule/Core (= 0.0.1)
  - CoreModule/Core (0.0.1):
    - Kingfisher
  - Kingfisher (7.12.0)

DEPENDENCIES:
  - Alamofire (= 4.9.0)
  - CoreModule (from `../`)

SPEC REPOS:
  trunk:
    - Alamofire
    - Kingfisher

EXTERNAL SOURCES:
  CoreModule:
    :path: "../"

SPEC CHECKSUMS:
  Alamofire: afc3e7c6db61476cb45cdd23fed06bad03bbc321
  CoreModule: cd32ed4c49f454cf8ef70e67406d82e32df30fb1
  Kingfisher: 53a10ea35051a436b5fb626ca2dd8f3144d755e9

PODFILE CHECKSUM: b03a65923d05c3585d57eedee19cf2f2d29e2133

COCOAPODS: 1.13.0
